<?xml version="1.0" encoding="UTF-8" standalone="yes" ?>
<CodeBlocks_project_file>
	<FileVersion major="1" minor="6" />
	<Project>
		<Option title="sdlGUIEditor" />
		<Option pch_mode="2" />
		<Option compiler="gcc" />
		<Build>
			<Target title="Debug">
				<Option output="../assets/sdlGUIEditor-d" prefix_auto="1" extension_auto="1" />
				<Option working_dir="../assets/" />
				<Option object_output="obj/Debug/" />
				<Option type="1" />
				<Option compiler="gcc" />
				<Compiler>
					<Add option="-Wall" />
					<Add option="-g" />
					<Add option="-DDEBUG" />
				</Compiler>
				<Linker>
					<Add option="-lsdlGUI-d" />
					<Add option="-lsdlApp-d" />
					<Add option="-lsdlObjects-d" />
					<Add option="-lsdlUtility-d" />
				</Linker>
			</Target>
			<Target title="Release">
				<Option output="../assets/sdlGUIEditor" prefix_auto="1" extension_auto="1" />
				<Option working_dir="../assets/" />
				<Option object_output="obj/Release/" />
				<Option type="0" />
				<Option compiler="gcc" />
				<Compiler>
					<Add option="-O3" />
					<Add option="-Wall" />
				</Compiler>
				<Linker>
					<Add option="-s" />
					<Add option="-lsdlGUI" />
					<Add option="-lsdlApp" />
					<Add option="-lsdlObjects" />
					<Add option="-lsdlUtility" />
				</Linker>
			</Target>
		</Build>
		<Compiler>
			<Add option="-std=c++11" />
			<Add directory="../external/include" />
			<Add directory="../" />
		</Compiler>
		<Linker>
			<Add option="-lantXml" />
			<Add option="-llua52" />
			<Add option="-lopengl32" />
			<Add option="-lmingw32" />
			<Add option="-lSDL2main" />
			<Add option="-lSDL2" />
			<Add directory="../external/lib" />
			<Add directory="../external/bin" />
			<Add directory="../sdlApp/bin" />
			<Add directory="../sdlObjects/bin" />
			<Add directory="../sdlUtility/bin" />
			<Add directory="bin" />
			<Add directory="../antXml/bin" />
		</Linker>
		<Unit filename="Main.cpp" />
		<Unit filename="Resources.rc">
			<Option compilerVar="WINDRES" />
		</Unit>
		<Extensions>
			<code_completion />
			<envvars />
			<debugger />
			<lib_finder disable_auto="1" />
		</Extensions>
	</Project>
</CodeBlocks_project_file>
